
Microsoft Visual Studio Solution File, Format Version 12.00
# Visual Studio Version 17
VisualStudioVersion = 17.0.31912.275
MinimumVisualStudioVersion = 10.0.40219.1
Project("{FAE04EC0-301F-11D3-BF4B-00C04F79EFBC}") = "emiwebapp", "emiwebapp.csproj", "{827304CD-E00F-4E74-A85C-73D7EB0E8CF7}"
EndProject
Global
	GlobalSection(SolutionConfigurationPlatforms) = preSolution
		Debug|Any CPU = Debug|Any CPU
		Release|Any CPU = Release|Any CPU
	EndGlobalSection
	GlobalSection(ProjectConfigurationPlatforms) = postSolution
		{827304CD-E00F-4E74-A85C-73D7EB0E8CF7}.Debug|Any CPU.ActiveCfg = Debug|Any CPU
		{827304CD-E00F-4E74-A85C-73D7EB0E8CF7}.Debug|Any CPU.Build.0 = Debug|Any CPU
		{827304CD-E00F-4E74-A85C-73D7EB0E8CF7}.Release|Any CPU.ActiveCfg = Release|Any CPU
		{827304CD-E00F-4E74-A85C-73D7EB0E8CF7}.Release|Any CPU.Build.0 = Release|Any CPU
	EndGlobalSection
	GlobalSection(SolutionProperties) = preSolution
		HideSolutionNode = FALSE
	EndGlobalSection
	GlobalSection(ExtensibilityGlobals) = postSolution
		SolutionGuid = {F3BA2B58-8EB7-43A1-821A-57B1AB472DEB}
	EndGlobalSection
EndGlobal
